
Microsoft Visual Studio Solution File, Format Version 12.00
# Visual Studio Version 17
VisualStudioVersion = 17.0.31903.59
MinimumVisualStudioVersion = 10.0.40219.1
Project("{FAE04EC0-301F-11D3-BF4B-00C04F79EFBC}") = "YCI", "YCI\YCI.csproj", "{7FD1DD5B-A478-43EF-B6B9-DE14571B29D7}"
EndProject
Project("{FAE04EC0-301F-11D3-BF4B-00C04F79EFBC}") = "ProDev", "ProDev\ProDev.csproj", "{2D85EA87-A58E-4846-A812-C3C68FAA8C90}"
EndProject
Project("{FAE04EC0-301F-11D3-BF4B-00C04F79EFBC}") = "CollectionDemo", "CollectionDemo\CollectionDemo.csproj", "{13F34562-4AAC-4478-AED8-A6CCF9366EDD}"
EndProject
Project("{FAE04EC0-301F-11D3-BF4B-00C04F79EFBC}") = "PolymorphismDemo", "PolymorphismDemo\PolymorphismDemo.csproj", "{FF32FAF8-26E0-4720-8EED-536A3ADF2F6C}"
EndProject
Project("{FAE04EC0-301F-11D3-BF4B-00C04F79EFBC}") = "GenericDemo", "GenericDemo\GenericDemo.csproj", "{45056766-E9A5-411B-8A9D-992B7327A0C9}"
EndProject
Project("{FAE04EC0-301F-11D3-BF4B-00C04F79EFBC}") = "IOOperationsDemo", "IOOperationsDemo\IOOperationsDemo.csproj", "{B69D8CD8-DFBE-48B1-A57A-0E9BC3B52F1D}"
EndProject
Project("{FAE04EC0-301F-11D3-BF4B-00C04F79EFBC}") = "HRMS", "HRMS\HRMS.csproj", "{A6EB9705-4775-45A7-8B9D-535A4704FEF8}"
EndProject
Project("{FAE04EC0-301F-11D3-BF4B-00C04F79EFBC}") = "AbstractionDemo", "AbstractionDemo\AbstractionDemo.csproj", "{4A126419-F56A-47E6-B2D7-A934FD721988}"
EndProject
Global
	GlobalSection(SolutionConfigurationPlatforms) = preSolution
		Debug|Any CPU = Debug|Any CPU
		Release|Any CPU = Release|Any CPU
	EndGlobalSection
	GlobalSection(ProjectConfigurationPlatforms) = postSolution
		{7FD1DD5B-A478-43EF-B6B9-DE14571B29D7}.Debug|Any CPU.ActiveCfg = Debug|Any CPU
		{7FD1DD5B-A478-43EF-B6B9-DE14571B29D7}.Debug|Any CPU.Build.0 = Debug|Any CPU
		{7FD1DD5B-A478-43EF-B6B9-DE14571B29D7}.Release|Any CPU.ActiveCfg = Release|Any CPU
		{7FD1DD5B-A478-43EF-B6B9-DE14571B29D7}.Release|Any CPU.Build.0 = Release|Any CPU
		{2D85EA87-A58E-4846-A812-C3C68FAA8C90}.Debug|Any CPU.ActiveCfg = Debug|Any CPU
		{2D85EA87-A58E-4846-A812-C3C68FAA8C90}.Debug|Any CPU.Build.0 = Debug|Any CPU
		{2D85EA87-A58E-4846-A812-C3C68FAA8C90}.Release|Any CPU.ActiveCfg = Release|Any CPU
		{2D85EA87-A58E-4846-A812-C3C68FAA8C90}.Release|Any CPU.Build.0 = Release|Any CPU
		{13F34562-4AAC-4478-AED8-A6CCF9366EDD}.Debug|Any CPU.ActiveCfg = Debug|Any CPU
		{13F34562-4AAC-4478-AED8-A6CCF9366EDD}.Debug|Any CPU.Build.0 = Debug|Any CPU
		{13F34562-4AAC-4478-AED8-A6CCF9366EDD}.Release|Any CPU.ActiveCfg = Release|Any CPU
		{13F34562-4AAC-4478-AED8-A6CCF9366EDD}.Release|Any CPU.Build.0 = Release|Any CPU
		{FF32FAF8-26E0-4720-8EED-536A3ADF2F6C}.Debug|Any CPU.ActiveCfg = Debug|Any CPU
		{FF32FAF8-26E0-4720-8EED-536A3ADF2F6C}.Debug|Any CPU.Build.0 = Debug|Any CPU
		{FF32FAF8-26E0-4720-8EED-536A3ADF2F6C}.Release|Any CPU.ActiveCfg = Release|Any CPU
		{FF32FAF8-26E0-4720-8EED-536A3ADF2F6C}.Release|Any CPU.Build.0 = Release|Any CPU
		{45056766-E9A5-411B-8A9D-992B7327A0C9}.Debug|Any CPU.ActiveCfg = Debug|Any CPU
		{45056766-E9A5-411B-8A9D-992B7327A0C9}.Debug|Any CPU.Build.0 = Debug|Any CPU
		{45056766-E9A5-411B-8A9D-992B7327A0C9}.Release|Any CPU.ActiveCfg = Release|Any CPU
		{45056766-E9A5-411B-8A9D-992B7327A0C9}.Release|Any CPU.Build.0 = Release|Any CPU
		{B69D8CD8-DFBE-48B1-A57A-0E9BC3B52F1D}.Debug|Any CPU.ActiveCfg = Debug|Any CPU
		{B69D8CD8-DFBE-48B1-A57A-0E9BC3B52F1D}.Debug|Any CPU.Build.0 = Debug|Any CPU
		{B69D8CD8-DFBE-48B1-A57A-0E9BC3B52F1D}.Release|Any CPU.ActiveCfg = Release|Any CPU
		{B69D8CD8-DFBE-48B1-A57A-0E9BC3B52F1D}.Release|Any CPU.Build.0 = Release|Any CPU
		{A6EB9705-4775-45A7-8B9D-535A4704FEF8}.Debug|Any CPU.ActiveCfg = Debug|Any CPU
		{A6EB9705-4775-45A7-8B9D-535A4704FEF8}.Debug|Any CPU.Build.0 = Debug|Any CPU
		{A6EB9705-4775-45A7-8B9D-535A4704FEF8}.Release|Any CPU.ActiveCfg = Release|Any CPU
		{A6EB9705-4775-45A7-8B9D-535A4704FEF8}.Release|Any CPU.Build.0 = Release|Any CPU
		{4A126419-F56A-47E6-B2D7-A934FD721988}.Debug|Any CPU.ActiveCfg = Debug|Any CPU
		{4A126419-F56A-47E6-B2D7-A934FD721988}.Debug|Any CPU.Build.0 = Debug|Any CPU
		{4A126419-F56A-47E6-B2D7-A934FD721988}.Release|Any CPU.ActiveCfg = Release|Any CPU
		{4A126419-F56A-47E6-B2D7-A934FD721988}.Release|Any CPU.Build.0 = Release|Any CPU
	EndGlobalSection
	GlobalSection(SolutionProperties) = preSolution
		HideSolutionNode = FALSE
	EndGlobalSection
	GlobalSection(ExtensibilityGlobals) = postSolution
		SolutionGuid = {AEAD5D58-2B3A-4343-AA8F-E8E230362567}
	EndGlobalSection
EndGlobal
